// !$*UTF8*$!
{
	archiveVersion = 1;
	classes = {
	};
	objectVersion = 50;
	objects = {

/* Begin PBXBuildFile section */
		A51423C72177306700665D7F /* playsoundsviewcontroller-audio.swift in Sources */ = {isa = PBXBuildFile; fileRef = A51423C62177306600665D7F /* playsoundsviewcontroller-audio.swift */; };
		A5168238216F41F90061AB49 /* PlaySoundsViewController.swift in Sources */ = {isa = PBXBuildFile; fileRef = A5168237216F41F90061AB49 /* PlaySoundsViewController.swift */; };
		A588708B216CC2D00095BB43 /* AppDelegate.swift in Sources */ = {isa = PBXBuildFile; fileRef = A588708A216CC2D00095BB43 /* AppDelegate.swift */; };
		A588708D216CC2D00095BB43 /* RecordSoundsViewController.swift in Sources */ = {isa = PBXBuildFile; fileRef = A588708C216CC2D00095BB43 /* RecordSoundsViewController.swift */; };
		A5887090216CC2D00095BB43 /* Main.storyboard in Resources */ = {isa = PBXBuildFile; fileRef = A588708E216CC2D00095BB43 /* Main.storyboard */; };
		A5887092216CC2D00095BB43 /* Assets.xcassets in Resources */ = {isa = PBXBuildFile; fileRef = A5887091216CC2D00095BB43 /* Assets.xcassets */; };
		A5887095216CC2D00095BB43 /* LaunchScreen.storyboard in Resources */ = {isa = PBXBuildFile; fileRef = A5887093216CC2D00095BB43 /* LaunchScreen.storyboard */; };
/* End PBXBuildFile section */

/* Begin PBXFileReference section */
		A51423C62177306600665D7F /* playsoundsviewcontroller-audio.swift */ = {isa = PBXFileReference; fileEncoding = 4; lastKnownFileType = sourcecode.swift; path = "playsoundsviewcontroller-audio.swift"; sourceTree = "<group>"; };
		A5168237216F41F90061AB49 /* PlaySoundsViewController.swift */ = {isa = PBXFileReference; lastKnownFileType = sourcecode.swift; path = PlaySoundsViewController.swift; sourceTree = "<group>"; };
		A5887087216CC2CF0095BB43 /* pichperfect.app */ = {isa = PBXFileReference; explicitFileType = wrapper.application; includeInIndex = 0; path = pichperfect.app; sourceTree = BUILT_PRODUCTS_DIR; };
		A588708A216CC2D00095BB43 /* AppDelegate.swift */ = {isa = PBXFileReference; lastKnownFileType = sourcecode.swift; path = AppDelegate.swift; sourceTree = "<group>"; };
		A588708C216CC2D00095BB43 /* RecordSoundsViewController.swift */ = {isa = PBXFileReference; lastKnownFileType = sourcecode.swift; path = RecordSoundsViewController.swift; sourceTree = "<group>"; };
		A588708F216CC2D00095BB43 /* Base */ = {isa = PBXFileReference; lastKnownFileType = file.storyboard; name = Base; path = Base.lproj/Main.storyboard; sourceTree = "<group>"; };
		A5887091216CC2D00095BB43 /* Assets.xcassets */ = {isa = PBXFileReference; lastKnownFileType = folder.assetcatalog; path = Assets.xcassets; sourceTree = "<group>"; };
		A5887094216CC2D00095BB43 /* Base */ = {isa = PBXFileReference; lastKnownFileType = file.storyboard; name = Base; path = Base.lproj/LaunchScreen.storyboard; sourceTree = "<group>"; };
		A5887096216CC2D00095BB43 /* Info.plist */ = {isa = PBXFileReference; lastKnownFileType = text.plist.xml; path = Info.plist; sourceTree = "<group>"; };
/* End PBXFileReference section */

/* Begin PBXFrameworksBuildPhase section */
		A5887084216CC2CF0095BB43 /* Frameworks */ = {
			isa = PBXFrameworksBuildPhase;
			buildActionMask = 2147483647;
			files = (
			);
			runOnlyForDeploymentPostprocessing = 0;
		};
/* End PBXFrameworksBuildPhase section */

/* Begin PBXGroup section */
		A588707E216CC2CF0095BB43 = {
			isa = PBXGroup;
			children = (
				A5887089216CC2CF0095BB43 /* pichperfect */,
				A5887088216CC2CF0095BB43 /* Products */,
			);
			sourceTree = "<group>";
		};
		A5887088216CC2CF0095BB43 /* Products */ = {
			isa = PBXGroup;
			children = (
				A5887087216CC2CF0095BB43 /* pichperfect.app */,
			);
			name = Products;
			sourceTree = "<group>";
		};
		A5887089216CC2CF0095BB43 /* pichperfect */ = {
			isa = PBXGroup;
			children = (
				A588708A216CC2D00095BB43 /* AppDelegate.swift */,
				A588708C216CC2D00095BB43 /* RecordSoundsViewController.swift */,
				A588708E216CC2D00095BB43 /* Main.storyboard */,
				A5887091216CC2D00095BB43 /* Assets.xcassets */,
				A5887093216CC2D00095BB43 /* LaunchScreen.storyboard */,
				A5887096216CC2D00095BB43 /* Info.plist */,
				A5168237216F41F90061AB49 /* PlaySoundsViewController.swift */,
				A51423C62177306600665D7F /* playsoundsviewcontroller-audio.swift */,
			);
			path = pichperfect;
			sourceTree = "<group>";
		};
/* End PBXGroup section */

/* Begin PBXNativeTarget section */
		A5887086216CC2CF0095BB43 /* pichperfect */ = {
			isa = PBXNativeTarget;
			buildConfigurationList = A5887099216CC2D00095BB43 /* Build configuration list for PBXNativeTarget "pichperfect" */;
			buildPhases = (
				A5887083216CC2CF0095BB43 /* Sources */,
				A5887084216CC2CF0095BB43 /* Frameworks */,
				A5887085216CC2CF0095BB43 /* Resources */,
			);
			buildRules = (
			);
			dependencies = (
			);
			name = pichperfect;
			productName = pichperfect;
			productReference = A5887087216CC2CF0095BB43 /* pichperfect.app */;
			productType = "com.apple.product-type.application";
		};
/* End PBXNativeTarget section */

/* Begin PBXProject section */
		A588707F216CC2CF0095BB43 /* Project object */ = {
			isa = PBXProject;
			attributes = {
				LastSwiftUpdateCheck = 1000;
				LastUpgradeCheck = 1000;
				ORGANIZATIONNAME = ghadaalone;
				TargetAttributes = {
					A5887086216CC2CF0095BB43 = {
						CreatedOnToolsVersion = 10.0;
					};
				};
			};
			buildConfigurationList = A5887082216CC2CF0095BB43 /* Build configuration list for PBXProject "pichperfect" */;
			compatibilityVersion = "Xcode 9.3";
			developmentRegion = en;
			hasScannedForEncodings = 0;
			knownRegions = (
				en,
				Base,
			);
			mainGroup = A588707E216CC2CF0095BB43;
			productRefGroup = A5887088216CC2CF0095BB43 /* Products */;
			projectDirPath = "";
			projectRoot = "";
			targets = (
				A5887086216CC2CF0095BB43 /* pichperfect */,
			);
		};
/* End PBXProject section */

/* Begin PBXResourcesBuildPhase section */
		A5887085216CC2CF0095BB43 /* Resources */ = {
			isa = PBXResourcesBuildPhase;
			buildActionMask = 2147483647;
			files = (
				A5887095216CC2D00095BB43 /* LaunchScreen.storyboard in Resources */,
				A5887092216CC2D00095BB43 /* Assets.xcassets in Resources */,
				A5887090216CC2D00095BB43 /* Main.storyboard in Resources */,
			);
			runOnlyForDeploymentPostprocessing = 0;
		};
/* End PBXResourcesBuildPhase section */

/* Begin PBXSourcesBuildPhase section */
		A5887083216CC2CF0095BB43 /* Sources */ = {
			isa = PBXSourcesBuildPhase;
			buildActionMask = 2147483647;
			files = (
				A588708D216CC2D00095BB43 /* RecordSoundsViewController.swift in Sources */,
				A5168238216F41F90061AB49 /* PlaySoundsViewController.swift in Sources */,
				A588708B216CC2D00095BB43 /* AppDelegate.swift in Sources */,
				A51423C72177306700665D7F /* playsoundsviewcontroller-audio.swift in Sources */,
			);
			runOnlyForDeploymentPostprocessing = 0;
		};
/* End PBXSourcesBuildPhase section */

/* Begin PBXVariantGroup section */
		A588708E216CC2D00095BB43 /* Main.storyboard */ = {
			isa = PBXVariantGroup;
			children = (
				A588708F216CC2D00095BB43 /* Base */,
			);
			name = Main.storyboard;
			sourceTree = "<group>";
		};
		A5887093216CC2D00095BB43 /* LaunchScreen.storyboard */ = {
			isa = PBXVariantGroup;
			children = (
				A5887094216CC2D00095BB43 /* Base */,
			);
			name = LaunchScreen.storyboard;
			sourceTree = "<group>";
		};
/* End PBXVariantGroup section */

/* Begin XCBuildConfiguration section */
		A5887097216CC2D00095BB43 /* Debug */ = {
			isa = XCBuildConfiguration;
			buildSettings = {
				ALWAYS_SEARCH_USER_PATHS = NO;
				CLANG_ANALYZER_NONNULL = YES;
				CLANG_ANALYZER_NUMBER_OBJECT_CONVERSION = YES_AGGRESSIVE;
				CLANG_CXX_LANGUAGE_STANDARD = "gnu++14";
				CLANG_CXX_LIBRARY = "libc++";
				CLANG_ENABLE_MODULES = YES;
				CLANG_ENABLE_OBJC_ARC = YES;
				CLANG_ENABLE_OBJC_WEAK = YES;
				CLANG_WARN_BLOCK_CAPTURE_AUTORELEASING = YES;
				CLANG_WARN_BOOL_CONVERSION = YES;
				CLANG_WARN_COMMA = YES;
				CLANG_WARN_CONSTANT_CONVERSION = YES;
				CLANG_WARN_DEPRECATED_OBJC_IMPLEMENTATIONS = YES;
				CLANG_WARN_DIRECT_OBJC_ISA_USAGE = YES_ERROR;
				CLANG_WARN_DOCUMENTATION_COMMENTS = YES;
				CLANG_WARN_EMPTY_BODY = YES;
				CLANG_WARN_ENUM_CONVERSION = YES;
				CLANG_WARN_INFINITE_RECURSION = YES;
				CLANG_WARN_INT_CONVERSION = YES;
				CLANG_WARN_NON_LITERAL_NULL_CONVERSION = YES;
				CLANG_WARN_OBJC_IMPLICIT_RETAIN_SELF = YES;
				CLANG_WARN_OBJC_LITERAL_CONVERSION = YES;
				CLANG_WARN_OBJC_ROOT_CLASS = YES_ERROR;
				CLANG_WARN_RANGE_LOOP_ANALYSIS = YES;
				CLANG_WARN_STRICT_PROTOTYPES = YES;
				CLANG_WARN_SUSPICIOUS_MOVE = YES;
				CLANG_WARN_UNGUARDED_AVAILABILITY = YES_AGGRESSIVE;
				CLANG_WARN_UNREACHABLE_CODE = YES;
				CLANG_WARN__DUPLICATE_METHOD_MATCH = YES;
				CODE_SIGN_IDENTITY = "iPhone Developer";
				COPY_PHASE_STRIP = NO;
				DEBUG_INFORMATION_FORMAT = dwarf;
				ENABLE_STRICT_OBJC_MSGSEND = YES;
				ENABLE_TESTABILITY = YES;
				GCC_C_LANGUAGE_STANDARD = gnu11;
				GCC_DYNAMIC_NO_PIC = NO;
				GCC_NO_COMMON_BLOCKS = YES;
				GCC_OPTIMIZATION_LEVEL = 0;
				GCC_PREPROCESSOR_DEFINITIONS = (
					"DEBUG=1",
					"$(inherited)",
				);
				GCC_WARN_64_TO_32_BIT_CONVERSION = YES;
				GCC_WARN_ABOUT_RETURN_TYPE = YES_ERROR;
				GCC_WARN_UNDECLARED_SELECTOR = YES;
				GCC_WARN_UNINITIALIZED_AUTOS = YES_AGGRESSIVE;
				GCC_WARN_UNUSED_FUNCTION = YES;
				GCC_WARN_UNUSED_VARIABLE = YES;
				IPHONEOS_DEPLOYMENT_TARGET = 12.0;
				MTL_ENABLE_DEBUG_INFO = INCLUDE_SOURCE;
				MTL_FAST_MATH = YES;
				ONLY_ACTIVE_ARCH = YES;
				SDKROOT = iphoneos;
				SWIFT_ACTIVE_COMPILATION_CONDITIONS = DEBUG;
				SWIFT_OPTIMIZATION_LEVEL = "-Onone";
			};
			name = Debug;
		};
		A5887098216CC2D00095BB43 /* Release */ = {
			isa = XCBuildConfiguration;
			buildSettings = {
				ALWAYS_SEARCH_USER_PATHS = NO;
				CLANG_ANALYZER_NONNULL = YES;
				CLANG_ANALYZER_NUMBER_OBJECT_CONVERSION = YES_AGGRESSIVE;
				CLANG_CXX_LANGUAGE_STANDARD = "gnu++14";
				CLANG_CXX_LIBRARY = "libc++";
				CLANG_ENABLE_MODULES = YES;
				CLANG_ENABLE_OBJC_ARC = YES;
				CLANG_ENABLE_OBJC_WEAK = YES;
				CLANG_WARN_BLOCK_CAPTURE_AUTORELEASING = YES;
				CLANG_WARN_BOOL_CONVERSION = YES;
				CLANG_WARN_COMMA = YES;
				CLANG_WARN_CONSTANT_CONVERSION = YES;
				CLANG_WARN_DEPRECATED_OBJC_IMPLEMENTATIONS = YES;
				CLANG_WARN_DIRECT_OBJC_ISA_USAGE = YES_ERROR;
				CLANG_WARN_DOCUMENTATION_COMMENTS = YES;
				CLANG_WARN_EMPTY_BODY = YES;
				CLANG_WARN_ENUM_CONVERSION = YES;
				CLANG_WARN_INFINITE_RECURSION = YES;
				CLANG_WARN_INT_CONVERSION = YES;
				CLANG_WARN_NON_LITERAL_NULL_CONVERSION = YES;
				CLANG_WARN_OBJC_IMPLICIT_RETAIN_SELF = YES;
				CLANG_WARN_OBJC_LITERAL_CONVERSION = YES;
				CLANG_WARN_OBJC_ROOT_CLASS = YES_ERROR;
				CLANG_WARN_RANGE_LOOP_ANALYSIS = YES;
				CLANG_WARN_STRICT_PROTOTYPES = YES;
				CLANG_WARN_SUSPICIOUS_MOVE = YES;
				CLANG_WARN_UNGUARDED_AVAILABILITY = YES_AGGRESSIVE;
				CLANG_WARN_UNREACHABLE_CODE = YES;
				CLANG_WARN__DUPLICATE_METHOD_MATCH = YES;
				CODE_SIGN_IDENTITY = "iPhone Developer";
				COPY_PHASE_STRIP = NO;
				DEBUG_INFORMATION_FORMAT = "dwarf-with-dsym";
				ENABLE_NS_ASSERTIONS = NO;
				ENABLE_STRICT_OBJC_MSGSEND = YES;
				GCC_C_LANGUAGE_STANDARD = gnu11;
				GCC_NO_COMMON_BLOCKS = YES;
				GCC_WARN_64_TO_32_BIT_CONVERSION = YES;
				GCC_WARN_ABOUT_RETURN_TYPE = YES_ERROR;
				GCC_WARN_UNDECLARED_SELECTOR = YES;
				GCC_WARN_UNINITIALIZED_AUTOS = YES_AGGRESSIVE;
				GCC_WARN_UNUSED_FUNCTION = YES;
				GCC_WARN_UNUSED_VARIABLE = YES;
				IPHONEOS_DEPLOYMENT_TARGET = 12.0;
				MTL_ENABLE_DEBUG_INFO = NO;
				MTL_FAST_MATH = YES;
				SDKROOT = iphoneos;
				SWIFT_COMPILATION_MODE = wholemodule;
				SWIFT_OPTIMIZATION_LEVEL = "-O";
				VALIDATE_PRODUCT = YES;
			};
			name = Release;
		};
		A588709A216CC2D00095BB43 /* Debug */ = {
			isa = XCBuildConfiguration;
			buildSettings = {
				ASSETCATALOG_COMPILER_APPICON_NAME = AppIcon;
				CODE_SIGN_STYLE = Automatic;
				DEVELOPMENT_TEAM = K4DB6J3KPR;
				INFOPLIST_FILE = pichperfect/Info.plist;
				LD_RUNPATH_SEARCH_PATHS = (
					"$(inherited)",
					"@executable_path/Frameworks",
				);
				PRODUCT_BUNDLE_IDENTIFIER = com.ghadaalone.pichperfect;
				PRODUCT_NAME = "$(TARGET_NAME)";
				SWIFT_VERSION = 4.2;
				TARGETED_DEVICE_FAMILY = "1,2";
			};
			name = Debug;
		};
		A588709B216CC2D00095BB43 /* Release */ = {
			isa = XCBuildConfiguration;
			buildSettings = {
				ASSETCATALOG_COMPILER_APPICON_NAME = AppIcon;
				CODE_SIGN_STYLE = Automatic;
				DEVELOPMENT_TEAM = K4DB6J3KPR;
				INFOPLIST_FILE = pichperfect/Info.plist;
				LD_RUNPATH_SEARCH_PATHS = (
					"$(inherited)",
					"@executable_path/Frameworks",
				);
				PRODUCT_BUNDLE_IDENTIFIER = com.ghadaalone.pichperfect;
				PRODUCT_NAME = "$(TARGET_NAME)";
				SWIFT_VERSION = 4.2;
				TARGETED_DEVICE_FAMILY = "1,2";
			};
			name = Release;
		};
/* End XCBuildConfiguration section */

/* Begin XCConfigurationList section */
		A5887082216CC2CF0095BB43 /* Build configuration list for PBXProject "pichperfect" */ = {
			isa = XCConfigurationList;
			buildConfigurations = (
				A5887097216CC2D00095BB43 /* Debug */,
				A5887098216CC2D00095BB43 /* Release */,
			);
			defaultConfigurationIsVisible = 0;
			defaultConfigurationName = Release;
		};
		A5887099216CC2D00095BB43 /* Build configuration list for PBXNativeTarget "pichperfect" */ = {
			isa = XCConfigurationList;
			buildConfigurations = (
				A588709A216CC2D00095BB43 /* Debug */,
				A588709B216CC2D00095BB43 /* Release */,
			);
			defaultConfigurationIsVisible = 0;
			defaultConfigurationName = Release;
		};
/* End XCConfigurationList section */
	};
	rootObject = A588707F216CC2CF0095BB43 /* Project object */;
}
